
Microsoft Visual Studio Solution File, Format Version 12.00
# Visual Studio Version 17
VisualStudioVersion = 17.5.33516.290
MinimumVisualStudioVersion = 10.0.40219.1
Project("{FAE04EC0-301F-11D3-BF4B-00C04F79EFBC}") = "App.Api", "App.Api\App.Api.csproj", "{874F12A0-6672-489D-AFFB-969617FFE7EA}"
EndProject
Project("{FAE04EC0-301F-11D3-BF4B-00C04F79EFBC}") = "App.Application", "App.Application\App.Application.csproj", "{9E1238B4-25A0-4C45-85D0-5CD0D8038AA2}"
EndProject
Project("{FAE04EC0-301F-11D3-BF4B-00C04F79EFBC}") = "App.Domain", "App.Domain\App.Domain.csproj", "{63894882-1339-496C-8B19-39550DF8ACDE}"
EndProject
Project("{FAE04EC0-301F-11D3-BF4B-00C04F79EFBC}") = "App.Infrastructure", "App.Infrastructure\App.Infrastructure.csproj", "{1104B7A0-E123-438A-8E3A-151C1029AAD7}"
EndProject
Project("{FAE04EC0-301F-11D3-BF4B-00C04F79EFBC}") = "App.Test", "App.Test\App.Test.csproj", "{ABDE6398-AA9C-4C38-BF47-934E0E08A306}"
EndProject
Global
	GlobalSection(SolutionConfigurationPlatforms) = preSolution
		Debug|Any CPU = Debug|Any CPU
		Release|Any CPU = Release|Any CPU
	EndGlobalSection
	GlobalSection(ProjectConfigurationPlatforms) = postSolution
		{874F12A0-6672-489D-AFFB-969617FFE7EA}.Debug|Any CPU.ActiveCfg = Debug|Any CPU
		{874F12A0-6672-489D-AFFB-969617FFE7EA}.Debug|Any CPU.Build.0 = Debug|Any CPU
		{874F12A0-6672-489D-AFFB-969617FFE7EA}.Release|Any CPU.ActiveCfg = Release|Any CPU
		{874F12A0-6672-489D-AFFB-969617FFE7EA}.Release|Any CPU.Build.0 = Release|Any CPU
		{9E1238B4-25A0-4C45-85D0-5CD0D8038AA2}.Debug|Any CPU.ActiveCfg = Debug|Any CPU
		{9E1238B4-25A0-4C45-85D0-5CD0D8038AA2}.Debug|Any CPU.Build.0 = Debug|Any CPU
		{9E1238B4-25A0-4C45-85D0-5CD0D8038AA2}.Release|Any CPU.ActiveCfg = Release|Any CPU
		{9E1238B4-25A0-4C45-85D0-5CD0D8038AA2}.Release|Any CPU.Build.0 = Release|Any CPU
		{63894882-1339-496C-8B19-39550DF8ACDE}.Debug|Any CPU.ActiveCfg = Debug|Any CPU
		{63894882-1339-496C-8B19-39550DF8ACDE}.Debug|Any CPU.Build.0 = Debug|Any CPU
		{63894882-1339-496C-8B19-39550DF8ACDE}.Release|Any CPU.ActiveCfg = Release|Any CPU
		{63894882-1339-496C-8B19-39550DF8ACDE}.Release|Any CPU.Build.0 = Release|Any CPU
		{1104B7A0-E123-438A-8E3A-151C1029AAD7}.Debug|Any CPU.ActiveCfg = Debug|Any CPU
		{1104B7A0-E123-438A-8E3A-151C1029AAD7}.Debug|Any CPU.Build.0 = Debug|Any CPU
		{1104B7A0-E123-438A-8E3A-151C1029AAD7}.Release|Any CPU.ActiveCfg = Release|Any CPU
		{1104B7A0-E123-438A-8E3A-151C1029AAD7}.Release|Any CPU.Build.0 = Release|Any CPU
		{ABDE6398-AA9C-4C38-BF47-934E0E08A306}.Debug|Any CPU.ActiveCfg = Debug|Any CPU
		{ABDE6398-AA9C-4C38-BF47-934E0E08A306}.Debug|Any CPU.Build.0 = Debug|Any CPU
		{ABDE6398-AA9C-4C38-BF47-934E0E08A306}.Release|Any CPU.ActiveCfg = Release|Any CPU
		{ABDE6398-AA9C-4C38-BF47-934E0E08A306}.Release|Any CPU.Build.0 = Release|Any CPU
	EndGlobalSection
	GlobalSection(SolutionProperties) = preSolution
		HideSolutionNode = FALSE
	EndGlobalSection
	GlobalSection(ExtensibilityGlobals) = postSolution
		SolutionGuid = {51631060-C5BD-4A3C-854A-2D83640A9EB4}
	EndGlobalSection
EndGlobal
